
Microsoft Visual Studio Solution File, Format Version 12.00
# Visual Studio 15
Project("{FAE04EC0-301F-11D3-BF4B-00C04F79EFBC}") = "Assembly-CSharp", "Assembly-CSharp.csproj", "{CA843EE0-CCFA-4725-4560-701B96C15B99}"
EndProject
Project("{FAE04EC0-301F-11D3-BF4B-00C04F79EFBC}") = "Assembly-CSharp-Editor", "Assembly-CSharp-Editor.csproj", "{D19F1E03-B7A4-4885-BEDD-92C3D8539AA4}"
EndProject
Global
	GlobalSection(SolutionConfigurationPlatforms) = preSolution
		Debug|Any CPU = Debug|Any CPU
		Release|Any CPU = Release|Any CPU
	EndGlobalSection
	GlobalSection(ProjectConfigurationPlatforms) = postSolution
		{CA843EE0-CCFA-4725-4560-701B96C15B99}.Debug|Any CPU.ActiveCfg = Debug|Any CPU
		{CA843EE0-CCFA-4725-4560-701B96C15B99}.Debug|Any CPU.Build.0 = Debug|Any CPU
		{CA843EE0-CCFA-4725-4560-701B96C15B99}.Release|Any CPU.ActiveCfg = Release|Any CPU
		{CA843EE0-CCFA-4725-4560-701B96C15B99}.Release|Any CPU.Build.0 = Release|Any CPU
		{D19F1E03-B7A4-4885-BEDD-92C3D8539AA4}.Debug|Any CPU.ActiveCfg = Debug|Any CPU
		{D19F1E03-B7A4-4885-BEDD-92C3D8539AA4}.Debug|Any CPU.Build.0 = Debug|Any CPU
		{D19F1E03-B7A4-4885-BEDD-92C3D8539AA4}.Release|Any CPU.ActiveCfg = Release|Any CPU
		{D19F1E03-B7A4-4885-BEDD-92C3D8539AA4}.Release|Any CPU.Build.0 = Release|Any CPU
	EndGlobalSection
	GlobalSection(SolutionProperties) = preSolution
		HideSolutionNode = FALSE
	EndGlobalSection
EndGlobal
